// !$*UTF8*$!
{
	archiveVersion = 1;
	classes = {
	};
	objectVersion = 54;
	objects = {

/* Begin PBXBuildFile section */
		00E356F31AD99517003FC87E /* FugaAppTests.m in Sources */ = {isa = PBXBuildFile; fileRef = 00E356F21AD99517003FC87E /* FugaAppTests.m */; };
		13B07FBC1A68108700A75B9A /* AppDelegate.m in Sources */ = {isa = PBXBuildFile; fileRef = 13B07FB01A68108700A75B9A /* AppDelegate.m */; };
		13B07FBF1A68108700A75B9A /* Images.xcassets in Resources */ = {isa = PBXBuildFile; fileRef = 13B07FB51A68108700A75B9A /* Images.xcassets */; };
		13B07FC11A68108700A75B9A /* main.m in Sources */ = {isa = PBXBuildFile; fileRef = 13B07FB71A68108700A75B9A /* main.m */; };
		81AB9BB82411601600AC10FF /* LaunchScreen.storyboard in Resources */ = {isa = PBXBuildFile; fileRef = 81AB9BB72411601600AC10FF /* LaunchScreen.storyboard */; };
		C82621F7B0084DB68CD70D60 /* AntDesign.ttf in Resources */ = {isa = PBXBuildFile; fileRef = DD235DF9A83540E18A1CFC55 /* AntDesign.ttf */; };
		31938370363D4EEF9F2B5DA8 /* Entypo.ttf in Resources */ = {isa = PBXBuildFile; fileRef = 1C9A3A52C8494C24B63923E4 /* Entypo.ttf */; };
		0C3A02D903874D37B5A002CE /* EvilIcons.ttf in Resources */ = {isa = PBXBuildFile; fileRef = 97794156587041C186B18662 /* EvilIcons.ttf */; };
		BCE57994444A40FBB2DCA204 /* Feather.ttf in Resources */ = {isa = PBXBuildFile; fileRef = 78536DF86542472AB170A1F1 /* Feather.ttf */; };
		E2CECE047F9A43B2B1C85252 /* FontAwesome.ttf in Resources */ = {isa = PBXBuildFile; fileRef = 3887BB7046F14490BF9BB942 /* FontAwesome.ttf */; };
		C6AA7621BDDD473DB41EAA96 /* FontAwesome5_Brands.ttf in Resources */ = {isa = PBXBuildFile; fileRef = 849510842C24463FA9F3F475 /* FontAwesome5_Brands.ttf */; };
		2657C4FEFEED4FFBA5BF5061 /* FontAwesome5_Regular.ttf in Resources */ = {isa = PBXBuildFile; fileRef = 05DBE283B451445CA3D5B743 /* FontAwesome5_Regular.ttf */; };
		16B039E8C14043E98E889E38 /* FontAwesome5_Solid.ttf in Resources */ = {isa = PBXBuildFile; fileRef = AFCC21973ACC4DDEA83BD9F4 /* FontAwesome5_Solid.ttf */; };
		8EFD4C78BE0949718A1E2EB1 /* Fontisto.ttf in Resources */ = {isa = PBXBuildFile; fileRef = 739AA50DC3C44A839003D410 /* Fontisto.ttf */; };
		319352429F4B43A6AACF6A04 /* Foundation.ttf in Resources */ = {isa = PBXBuildFile; fileRef = 279FA6E305F14600AB7C4D1C /* Foundation.ttf */; };
		0FAC0B6963034E4787D52E6A /* Ionicons.ttf in Resources */ = {isa = PBXBuildFile; fileRef = 6405724A748049D5AC801475 /* Ionicons.ttf */; };
		233D9DE3CB1B4F7A8E21260C /* MaterialCommunityIcons.ttf in Resources */ = {isa = PBXBuildFile; fileRef = 396171273BEC4B7C84EEB3C9 /* MaterialCommunityIcons.ttf */; };
		146223C014AD4E4AB1A5F4A3 /* MaterialIcons.ttf in Resources */ = {isa = PBXBuildFile; fileRef = 74FF0B7CFD8C4168B0CDE2AF /* MaterialIcons.ttf */; };
		531802B18B5C4E7B871CCDAA /* Octicons.ttf in Resources */ = {isa = PBXBuildFile; fileRef = 85F367E5EFFD4BF8B387BEEF /* Octicons.ttf */; };
		8FDD0A7C374F4EEDB0704697 /* SimpleLineIcons.ttf in Resources */ = {isa = PBXBuildFile; fileRef = 2CAF65B9A8F047EE8E06E134 /* SimpleLineIcons.ttf */; };
		526BAA99F1BE4EB4B4A10BE8 /* Zocial.ttf in Resources */ = {isa = PBXBuildFile; fileRef = 4F8C7CA1DA2946E2933DFB32 /* Zocial.ttf */; };
		7369F63B325A4FCCAF0A4C1A /* Alegreya-Black.ttf in Resources */ = {isa = PBXBuildFile; fileRef = 70487CD93A544B6E832C0C75 /* Alegreya-Black.ttf */; };
		A778E5BBC2364655B4EA4D14 /* Alegreya-BlackItalic.ttf in Resources */ = {isa = PBXBuildFile; fileRef = 07CAB1EC7B74401C8DD7DC7A /* Alegreya-BlackItalic.ttf */; };
		7680F0E1F7614EBEB993F0CD /* Alegreya-Bold.ttf in Resources */ = {isa = PBXBuildFile; fileRef = 9438F16552864EFBB6BDC4B1 /* Alegreya-Bold.ttf */; };
		713BDE36EEB546B7BE9BC2CC /* Alegreya-BoldItalic.ttf in Resources */ = {isa = PBXBuildFile; fileRef = CE8FC6053C63460EA72FAA95 /* Alegreya-BoldItalic.ttf */; };
		B305B7731BBC4EA99FF6BBB6 /* Alegreya-ExtraBold.ttf in Resources */ = {isa = PBXBuildFile; fileRef = E1B3ECB4D30146628D9214BA /* Alegreya-ExtraBold.ttf */; };
		470BF5F50B784A6BA435F1A9 /* Alegreya-ExtraBoldItalic.ttf in Resources */ = {isa = PBXBuildFile; fileRef = 138282EE7F8246DF8D4B8900 /* Alegreya-ExtraBoldItalic.ttf */; };
		DF333C5FC22B4C83801B31DF /* Alegreya-Italic.ttf in Resources */ = {isa = PBXBuildFile; fileRef = 174F9A10877A45BEBFB054E2 /* Alegreya-Italic.ttf */; };
		744321991D094B5CB09A053B /* Alegreya-Medium.ttf in Resources */ = {isa = PBXBuildFile; fileRef = 445644AD95CD4C458CAEDBE1 /* Alegreya-Medium.ttf */; };
		05CF6E50B8BA467EB1C27208 /* Alegreya-MediumItalic.ttf in Resources */ = {isa = PBXBuildFile; fileRef = 6C53E256DE924B4DB1CE8A12 /* Alegreya-MediumItalic.ttf */; };
		55E8AC656216493082D66279 /* Alegreya-Regular.ttf in Resources */ = {isa = PBXBuildFile; fileRef = CEE3F39579AB440D8E2E770B /* Alegreya-Regular.ttf */; };
		9EFC3DF1719C4BE1BD01A16E /* AMOBA.otf in Resources */ = {isa = PBXBuildFile; fileRef = 6D6F3CEE46FB460B842EC22E /* AMOBA.otf */; };
		5ECAD28F74AF468C9ECBFC4E /* Bevan.ttf in Resources */ = {isa = PBXBuildFile; fileRef = 8FC565C0C5D64A8798A19319 /* Bevan.ttf */; };
		0C3F0EFA66E04430ACE9A7D3 /* EBGaramond-Bold.ttf in Resources */ = {isa = PBXBuildFile; fileRef = C38EBCE4BAD945D294960284 /* EBGaramond-Bold.ttf */; };
		818DD301B2264D81AAF98470 /* EBGaramond-BoldItalic.ttf in Resources */ = {isa = PBXBuildFile; fileRef = 561B1530A57646E5BDAD188A /* EBGaramond-BoldItalic.ttf */; };
		539B3DE17EC641D89F689FCA /* EBGaramond-ExtraBold.ttf in Resources */ = {isa = PBXBuildFile; fileRef = A73C853DD7FD441A9BC06F49 /* EBGaramond-ExtraBold.ttf */; };
		A678AA341AB94F68A1F4F0EE /* EBGaramond-ExtraBoldItalic.ttf in Resources */ = {isa = PBXBuildFile; fileRef = 3B6F85E4C484487A8C88A8F7 /* EBGaramond-ExtraBoldItalic.ttf */; };
		F84BDC9E469543B5AB5909DB /* EBGaramond-Italic.ttf in Resources */ = {isa = PBXBuildFile; fileRef = 23A256F4BF76441AAF06B488 /* EBGaramond-Italic.ttf */; };
		BC8D5E4D92BB4ECEBCA4B7AE /* EBGaramond-Medium.ttf in Resources */ = {isa = PBXBuildFile; fileRef = 5922266584C74D22B9A7F520 /* EBGaramond-Medium.ttf */; };
		2E8533D8C54B4642ACCE7631 /* EBGaramond-MediumItalic.ttf in Resources */ = {isa = PBXBuildFile; fileRef = 646212AFDBBD4CFDAD30CC06 /* EBGaramond-MediumItalic.ttf */; };
		020D74E53A3F42F19923DC38 /* EBGaramond-Regular.ttf in Resources */ = {isa = PBXBuildFile; fileRef = 630AE4FA2175466E8960C12D /* EBGaramond-Regular.ttf */; };
		85F902206E774063AF012BAA /* EBGaramond-SemiBold.ttf in Resources */ = {isa = PBXBuildFile; fileRef = 4011324B053B484E883D989F /* EBGaramond-SemiBold.ttf */; };
		C4896C9D6727405C8658B4CB /* EBGaramond-SemiBoldItalic.ttf in Resources */ = {isa = PBXBuildFile; fileRef = B7C3993B89764779BA6625DB /* EBGaramond-SemiBoldItalic.ttf */; };
		F0D444BFDAEF49CDB6C4B2C6 /* Montserrat-Bold.otf in Resources */ = {isa = PBXBuildFile; fileRef = 848ECFC3F6A74A5A9316A36A /* Montserrat-Bold.otf */; };
		EAB2131A5A23454C8CE84B1C /* Montserrat-Light.otf in Resources */ = {isa = PBXBuildFile; fileRef = 438816940178473DAFAC15AD /* Montserrat-Light.otf */; };
		03B6341223E84CF89BA77AB0 /* Montserrat-Medium.otf in Resources */ = {isa = PBXBuildFile; fileRef = AFCDF05057364276827C4346 /* Montserrat-Medium.otf */; };
		ECE3C5AC775643BA818757BD /* Montserrat-Regular.otf in Resources */ = {isa = PBXBuildFile; fileRef = DC771BDB839B4A539C1B7441 /* Montserrat-Regular.otf */; };
		B9AF03D1816B4AF1BE444C14 /* Roboto-Bold.ttf in Resources */ = {isa = PBXBuildFile; fileRef = 39A69B1996244D36A568B0CD /* Roboto-Bold.ttf */; };
		CF9036A0967647DF9CD12A8A /* Roboto-Light.ttf in Resources */ = {isa = PBXBuildFile; fileRef = 137A5B3CE2F5489B87069AF3 /* Roboto-Light.ttf */; };
		21CE7AF05C3A4E258A763AFE /* Roboto-Medium.ttf in Resources */ = {isa = PBXBuildFile; fileRef = DDA6ACA7BB974A20A849F097 /* Roboto-Medium.ttf */; };
		F3F83473FF134BD6BBE72D98 /* Roboto-Regular.ttf in Resources */ = {isa = PBXBuildFile; fileRef = 6D5156AE8308473493554720 /* Roboto-Regular.ttf */; };
/* End PBXBuildFile section */

/* Begin PBXContainerItemProxy section */
		00E356F41AD99517003FC87E /* PBXContainerItemProxy */ = {
			isa = PBXContainerItemProxy;
			containerPortal = 83CBB9F71A601CBA00E9B192 /* Project object */;
			proxyType = 1;
			remoteGlobalIDString = 13B07F861A680F5B00A75B9A;
			remoteInfo = FugaApp;
		};
/* End PBXContainerItemProxy section */

/* Begin PBXFileReference section */
		00E356EE1AD99517003FC87E /* FugaAppTests.xctest */ = {isa = PBXFileReference; explicitFileType = wrapper.cfbundle; includeInIndex = 0; path = FugaAppTests.xctest; sourceTree = BUILT_PRODUCTS_DIR; };
		00E356F11AD99517003FC87E /* Info.plist */ = {isa = PBXFileReference; lastKnownFileType = text.plist.xml; path = Info.plist; sourceTree = "<group>"; };
		00E356F21AD99517003FC87E /* FugaAppTests.m */ = {isa = PBXFileReference; lastKnownFileType = sourcecode.c.objc; path = FugaAppTests.m; sourceTree = "<group>"; };
		13B07F961A680F5B00A75B9A /* FugaApp.app */ = {isa = PBXFileReference; explicitFileType = wrapper.application; includeInIndex = 0; path = FugaApp.app; sourceTree = BUILT_PRODUCTS_DIR; };
		13B07FAF1A68108700A75B9A /* AppDelegate.h */ = {isa = PBXFileReference; fileEncoding = 4; lastKnownFileType = sourcecode.c.h; name = AppDelegate.h; path = FugaApp/AppDelegate.h; sourceTree = "<group>"; };
		13B07FB01A68108700A75B9A /* AppDelegate.m */ = {isa = PBXFileReference; fileEncoding = 4; lastKnownFileType = sourcecode.c.objc; name = AppDelegate.m; path = FugaApp/AppDelegate.m; sourceTree = "<group>"; };
		13B07FB51A68108700A75B9A /* Images.xcassets */ = {isa = PBXFileReference; lastKnownFileType = folder.assetcatalog; name = Images.xcassets; path = FugaApp/Images.xcassets; sourceTree = "<group>"; };
		13B07FB61A68108700A75B9A /* Info.plist */ = {isa = PBXFileReference; fileEncoding = 4; lastKnownFileType = text.plist.xml; name = Info.plist; path = FugaApp/Info.plist; sourceTree = "<group>"; };
		13B07FB71A68108700A75B9A /* main.m */ = {isa = PBXFileReference; fileEncoding = 4; lastKnownFileType = sourcecode.c.objc; name = main.m; path = FugaApp/main.m; sourceTree = "<group>"; };
		81AB9BB72411601600AC10FF /* LaunchScreen.storyboard */ = {isa = PBXFileReference; fileEncoding = 4; lastKnownFileType = file.storyboard; name = LaunchScreen.storyboard; path = FugaApp/LaunchScreen.storyboard; sourceTree = "<group>"; };
		ED297162215061F000B7C4FE /* JavaScriptCore.framework */ = {isa = PBXFileReference; lastKnownFileType = wrapper.framework; name = JavaScriptCore.framework; path = System/Library/Frameworks/JavaScriptCore.framework; sourceTree = SDKROOT; };
		DD235DF9A83540E18A1CFC55 /* AntDesign.ttf */ = {isa = PBXFileReference; name = "AntDesign.ttf"; path = "../node_modules/react-native-vector-icons/Fonts/AntDesign.ttf"; sourceTree = "<group>"; fileEncoding = undefined; lastKnownFileType = unknown; explicitFileType = undefined; includeInIndex = 0; };
		1C9A3A52C8494C24B63923E4 /* Entypo.ttf */ = {isa = PBXFileReference; name = "Entypo.ttf"; path = "../node_modules/react-native-vector-icons/Fonts/Entypo.ttf"; sourceTree = "<group>"; fileEncoding = undefined; lastKnownFileType = unknown; explicitFileType = undefined; includeInIndex = 0; };
		97794156587041C186B18662 /* EvilIcons.ttf */ = {isa = PBXFileReference; name = "EvilIcons.ttf"; path = "../node_modules/react-native-vector-icons/Fonts/EvilIcons.ttf"; sourceTree = "<group>"; fileEncoding = undefined; lastKnownFileType = unknown; explicitFileType = undefined; includeInIndex = 0; };
		78536DF86542472AB170A1F1 /* Feather.ttf */ = {isa = PBXFileReference; name = "Feather.ttf"; path = "../node_modules/react-native-vector-icons/Fonts/Feather.ttf"; sourceTree = "<group>"; fileEncoding = undefined; lastKnownFileType = unknown; explicitFileType = undefined; includeInIndex = 0; };
		3887BB7046F14490BF9BB942 /* FontAwesome.ttf */ = {isa = PBXFileReference; name = "FontAwesome.ttf"; path = "../node_modules/react-native-vector-icons/Fonts/FontAwesome.ttf"; sourceTree = "<group>"; fileEncoding = undefined; lastKnownFileType = unknown; explicitFileType = undefined; includeInIndex = 0; };
		849510842C24463FA9F3F475 /* FontAwesome5_Brands.ttf */ = {isa = PBXFileReference; name = "FontAwesome5_Brands.ttf"; path = "../node_modules/react-native-vector-icons/Fonts/FontAwesome5_Brands.ttf"; sourceTree = "<group>"; fileEncoding = undefined; lastKnownFileType = unknown; explicitFileType = undefined; includeInIndex = 0; };
		05DBE283B451445CA3D5B743 /* FontAwesome5_Regular.ttf */ = {isa = PBXFileReference; name = "FontAwesome5_Regular.ttf"; path = "../node_modules/react-native-vector-icons/Fonts/FontAwesome5_Regular.ttf"; sourceTree = "<group>"; fileEncoding = undefined; lastKnownFileType = unknown; explicitFileType = undefined; includeInIndex = 0; };
		AFCC21973ACC4DDEA83BD9F4 /* FontAwesome5_Solid.ttf */ = {isa = PBXFileReference; name = "FontAwesome5_Solid.ttf"; path = "../node_modules/react-native-vector-icons/Fonts/FontAwesome5_Solid.ttf"; sourceTree = "<group>"; fileEncoding = undefined; lastKnownFileType = unknown; explicitFileType = undefined; includeInIndex = 0; };
		739AA50DC3C44A839003D410 /* Fontisto.ttf */ = {isa = PBXFileReference; name = "Fontisto.ttf"; path = "../node_modules/react-native-vector-icons/Fonts/Fontisto.ttf"; sourceTree = "<group>"; fileEncoding = undefined; lastKnownFileType = unknown; explicitFileType = undefined; includeInIndex = 0; };
		279FA6E305F14600AB7C4D1C /* Foundation.ttf */ = {isa = PBXFileReference; name = "Foundation.ttf"; path = "../node_modules/react-native-vector-icons/Fonts/Foundation.ttf"; sourceTree = "<group>"; fileEncoding = undefined; lastKnownFileType = unknown; explicitFileType = undefined; includeInIndex = 0; };
		6405724A748049D5AC801475 /* Ionicons.ttf */ = {isa = PBXFileReference; name = "Ionicons.ttf"; path = "../node_modules/react-native-vector-icons/Fonts/Ionicons.ttf"; sourceTree = "<group>"; fileEncoding = undefined; lastKnownFileType = unknown; explicitFileType = undefined; includeInIndex = 0; };
		396171273BEC4B7C84EEB3C9 /* MaterialCommunityIcons.ttf */ = {isa = PBXFileReference; name = "MaterialCommunityIcons.ttf"; path = "../node_modules/react-native-vector-icons/Fonts/MaterialCommunityIcons.ttf"; sourceTree = "<group>"; fileEncoding = undefined; lastKnownFileType = unknown; explicitFileType = undefined; includeInIndex = 0; };
		74FF0B7CFD8C4168B0CDE2AF /* MaterialIcons.ttf */ = {isa = PBXFileReference; name = "MaterialIcons.ttf"; path = "../node_modules/react-native-vector-icons/Fonts/MaterialIcons.ttf"; sourceTree = "<group>"; fileEncoding = undefined; lastKnownFileType = unknown; explicitFileType = undefined; includeInIndex = 0; };
		85F367E5EFFD4BF8B387BEEF /* Octicons.ttf */ = {isa = PBXFileReference; name = "Octicons.ttf"; path = "../node_modules/react-native-vector-icons/Fonts/Octicons.ttf"; sourceTree = "<group>"; fileEncoding = undefined; lastKnownFileType = unknown; explicitFileType = undefined; includeInIndex = 0; };
		2CAF65B9A8F047EE8E06E134 /* SimpleLineIcons.ttf */ = {isa = PBXFileReference; name = "SimpleLineIcons.ttf"; path = "../node_modules/react-native-vector-icons/Fonts/SimpleLineIcons.ttf"; sourceTree = "<group>"; fileEncoding = undefined; lastKnownFileType = unknown; explicitFileType = undefined; includeInIndex = 0; };
		4F8C7CA1DA2946E2933DFB32 /* Zocial.ttf */ = {isa = PBXFileReference; name = "Zocial.ttf"; path = "../node_modules/react-native-vector-icons/Fonts/Zocial.ttf"; sourceTree = "<group>"; fileEncoding = undefined; lastKnownFileType = unknown; explicitFileType = undefined; includeInIndex = 0; };
		70487CD93A544B6E832C0C75 /* Alegreya-Black.ttf */ = {isa = PBXFileReference; name = "Alegreya-Black.ttf"; path = "../assets/Fonts/Alegreya-Black.ttf"; sourceTree = "<group>"; fileEncoding = undefined; lastKnownFileType = unknown; explicitFileType = undefined; includeInIndex = 0; };
		07CAB1EC7B74401C8DD7DC7A /* Alegreya-BlackItalic.ttf */ = {isa = PBXFileReference; name = "Alegreya-BlackItalic.ttf"; path = "../assets/Fonts/Alegreya-BlackItalic.ttf"; sourceTree = "<group>"; fileEncoding = undefined; lastKnownFileType = unknown; explicitFileType = undefined; includeInIndex = 0; };
		9438F16552864EFBB6BDC4B1 /* Alegreya-Bold.ttf */ = {isa = PBXFileReference; name = "Alegreya-Bold.ttf"; path = "../assets/Fonts/Alegreya-Bold.ttf"; sourceTree = "<group>"; fileEncoding = undefined; lastKnownFileType = unknown; explicitFileType = undefined; includeInIndex = 0; };
		CE8FC6053C63460EA72FAA95 /* Alegreya-BoldItalic.ttf */ = {isa = PBXFileReference; name = "Alegreya-BoldItalic.ttf"; path = "../assets/Fonts/Alegreya-BoldItalic.ttf"; sourceTree = "<group>"; fileEncoding = undefined; lastKnownFileType = unknown; explicitFileType = undefined; includeInIndex = 0; };
		E1B3ECB4D30146628D9214BA /* Alegreya-ExtraBold.ttf */ = {isa = PBXFileReference; name = "Alegreya-ExtraBold.ttf"; path = "../assets/Fonts/Alegreya-ExtraBold.ttf"; sourceTree = "<group>"; fileEncoding = undefined; lastKnownFileType = unknown; explicitFileType = undefined; includeInIndex = 0; };
		138282EE7F8246DF8D4B8900 /* Alegreya-ExtraBoldItalic.ttf */ = {isa = PBXFileReference; name = "Alegreya-ExtraBoldItalic.ttf"; path = "../assets/Fonts/Alegreya-ExtraBoldItalic.ttf"; sourceTree = "<group>"; fileEncoding = undefined; lastKnownFileType = unknown; explicitFileType = undefined; includeInIndex = 0; };
		174F9A10877A45BEBFB054E2 /* Alegreya-Italic.ttf */ = {isa = PBXFileReference; name = "Alegreya-Italic.ttf"; path = "../assets/Fonts/Alegreya-Italic.ttf"; sourceTree = "<group>"; fileEncoding = undefined; lastKnownFileType = unknown; explicitFileType = undefined; includeInIndex = 0; };
		445644AD95CD4C458CAEDBE1 /* Alegreya-Medium.ttf */ = {isa = PBXFileReference; name = "Alegreya-Medium.ttf"; path = "../assets/Fonts/Alegreya-Medium.ttf"; sourceTree = "<group>"; fileEncoding = undefined; lastKnownFileType = unknown; explicitFileType = undefined; includeInIndex = 0; };
		6C53E256DE924B4DB1CE8A12 /* Alegreya-MediumItalic.ttf */ = {isa = PBXFileReference; name = "Alegreya-MediumItalic.ttf"; path = "../assets/Fonts/Alegreya-MediumItalic.ttf"; sourceTree = "<group>"; fileEncoding = undefined; lastKnownFileType = unknown; explicitFileType = undefined; includeInIndex = 0; };
		CEE3F39579AB440D8E2E770B /* Alegreya-Regular.ttf */ = {isa = PBXFileReference; name = "Alegreya-Regular.ttf"; path = "../assets/Fonts/Alegreya-Regular.ttf"; sourceTree = "<group>"; fileEncoding = undefined; lastKnownFileType = unknown; explicitFileType = undefined; includeInIndex = 0; };
		6D6F3CEE46FB460B842EC22E /* AMOBA.otf */ = {isa = PBXFileReference; name = "AMOBA.otf"; path = "../assets/Fonts/AMOBA.otf"; sourceTree = "<group>"; fileEncoding = undefined; lastKnownFileType = unknown; explicitFileType = undefined; includeInIndex = 0; };
		8FC565C0C5D64A8798A19319 /* Bevan.ttf */ = {isa = PBXFileReference; name = "Bevan.ttf"; path = "../assets/Fonts/Bevan.ttf"; sourceTree = "<group>"; fileEncoding = undefined; lastKnownFileType = unknown; explicitFileType = undefined; includeInIndex = 0; };
		C38EBCE4BAD945D294960284 /* EBGaramond-Bold.ttf */ = {isa = PBXFileReference; name = "EBGaramond-Bold.ttf"; path = "../assets/Fonts/EBGaramond-Bold.ttf"; sourceTree = "<group>"; fileEncoding = undefined; lastKnownFileType = unknown; explicitFileType = undefined; includeInIndex = 0; };
		561B1530A57646E5BDAD188A /* EBGaramond-BoldItalic.ttf */ = {isa = PBXFileReference; name = "EBGaramond-BoldItalic.ttf"; path = "../assets/Fonts/EBGaramond-BoldItalic.ttf"; sourceTree = "<group>"; fileEncoding = undefined; lastKnownFileType = unknown; explicitFileType = undefined; includeInIndex = 0; };
		A73C853DD7FD441A9BC06F49 /* EBGaramond-ExtraBold.ttf */ = {isa = PBXFileReference; name = "EBGaramond-ExtraBold.ttf"; path = "../assets/Fonts/EBGaramond-ExtraBold.ttf"; sourceTree = "<group>"; fileEncoding = undefined; lastKnownFileType = unknown; explicitFileType = undefined; includeInIndex = 0; };
		3B6F85E4C484487A8C88A8F7 /* EBGaramond-ExtraBoldItalic.ttf */ = {isa = PBXFileReference; name = "EBGaramond-ExtraBoldItalic.ttf"; path = "../assets/Fonts/EBGaramond-ExtraBoldItalic.ttf"; sourceTree = "<group>"; fileEncoding = undefined; lastKnownFileType = unknown; explicitFileType = undefined; includeInIndex = 0; };
		23A256F4BF76441AAF06B488 /* EBGaramond-Italic.ttf */ = {isa = PBXFileReference; name = "EBGaramond-Italic.ttf"; path = "../assets/Fonts/EBGaramond-Italic.ttf"; sourceTree = "<group>"; fileEncoding = undefined; lastKnownFileType = unknown; explicitFileType = undefined; includeInIndex = 0; };
		5922266584C74D22B9A7F520 /* EBGaramond-Medium.ttf */ = {isa = PBXFileReference; name = "EBGaramond-Medium.ttf"; path = "../assets/Fonts/EBGaramond-Medium.ttf"; sourceTree = "<group>"; fileEncoding = undefined; lastKnownFileType = unknown; explicitFileType = undefined; includeInIndex = 0; };
		646212AFDBBD4CFDAD30CC06 /* EBGaramond-MediumItalic.ttf */ = {isa = PBXFileReference; name = "EBGaramond-MediumItalic.ttf"; path = "../assets/Fonts/EBGaramond-MediumItalic.ttf"; sourceTree = "<group>"; fileEncoding = undefined; lastKnownFileType = unknown; explicitFileType = undefined; includeInIndex = 0; };
		630AE4FA2175466E8960C12D /* EBGaramond-Regular.ttf */ = {isa = PBXFileReference; name = "EBGaramond-Regular.ttf"; path = "../assets/Fonts/EBGaramond-Regular.ttf"; sourceTree = "<group>"; fileEncoding = undefined; lastKnownFileType = unknown; explicitFileType = undefined; includeInIndex = 0; };
		4011324B053B484E883D989F /* EBGaramond-SemiBold.ttf */ = {isa = PBXFileReference; name = "EBGaramond-SemiBold.ttf"; path = "../assets/Fonts/EBGaramond-SemiBold.ttf"; sourceTree = "<group>"; fileEncoding = undefined; lastKnownFileType = unknown; explicitFileType = undefined; includeInIndex = 0; };
		B7C3993B89764779BA6625DB /* EBGaramond-SemiBoldItalic.ttf */ = {isa = PBXFileReference; name = "EBGaramond-SemiBoldItalic.ttf"; path = "../assets/Fonts/EBGaramond-SemiBoldItalic.ttf"; sourceTree = "<group>"; fileEncoding = undefined; lastKnownFileType = unknown; explicitFileType = undefined; includeInIndex = 0; };
		848ECFC3F6A74A5A9316A36A /* Montserrat-Bold.otf */ = {isa = PBXFileReference; name = "Montserrat-Bold.otf"; path = "../assets/Fonts/Montserrat-Bold.otf"; sourceTree = "<group>"; fileEncoding = undefined; lastKnownFileType = unknown; explicitFileType = undefined; includeInIndex = 0; };
		438816940178473DAFAC15AD /* Montserrat-Light.otf */ = {isa = PBXFileReference; name = "Montserrat-Light.otf"; path = "../assets/Fonts/Montserrat-Light.otf"; sourceTree = "<group>"; fileEncoding = undefined; lastKnownFileType = unknown; explicitFileType = undefined; includeInIndex = 0; };
		AFCDF05057364276827C4346 /* Montserrat-Medium.otf */ = {isa = PBXFileReference; name = "Montserrat-Medium.otf"; path = "../assets/Fonts/Montserrat-Medium.otf"; sourceTree = "<group>"; fileEncoding = undefined; lastKnownFileType = unknown; explicitFileType = undefined; includeInIndex = 0; };
		DC771BDB839B4A539C1B7441 /* Montserrat-Regular.otf */ = {isa = PBXFileReference; name = "Montserrat-Regular.otf"; path = "../assets/Fonts/Montserrat-Regular.otf"; sourceTree = "<group>"; fileEncoding = undefined; lastKnownFileType = unknown; explicitFileType = undefined; includeInIndex = 0; };
		39A69B1996244D36A568B0CD /* Roboto-Bold.ttf */ = {isa = PBXFileReference; name = "Roboto-Bold.ttf"; path = "../assets/Fonts/Roboto-Bold.ttf"; sourceTree = "<group>"; fileEncoding = undefined; lastKnownFileType = unknown; explicitFileType = undefined; includeInIndex = 0; };
		137A5B3CE2F5489B87069AF3 /* Roboto-Light.ttf */ = {isa = PBXFileReference; name = "Roboto-Light.ttf"; path = "../assets/Fonts/Roboto-Light.ttf"; sourceTree = "<group>"; fileEncoding = undefined; lastKnownFileType = unknown; explicitFileType = undefined; includeInIndex = 0; };
		DDA6ACA7BB974A20A849F097 /* Roboto-Medium.ttf */ = {isa = PBXFileReference; name = "Roboto-Medium.ttf"; path = "../assets/Fonts/Roboto-Medium.ttf"; sourceTree = "<group>"; fileEncoding = undefined; lastKnownFileType = unknown; explicitFileType = undefined; includeInIndex = 0; };
		6D5156AE8308473493554720 /* Roboto-Regular.ttf */ = {isa = PBXFileReference; name = "Roboto-Regular.ttf"; path = "../assets/Fonts/Roboto-Regular.ttf"; sourceTree = "<group>"; fileEncoding = undefined; lastKnownFileType = unknown; explicitFileType = undefined; includeInIndex = 0; };
/* End PBXFileReference section */

/* Begin PBXFrameworksBuildPhase section */
		00E356EB1AD99517003FC87E /* Frameworks */ = {
			isa = PBXFrameworksBuildPhase;
			buildActionMask = 2147483647;
			files = (
			);
			runOnlyForDeploymentPostprocessing = 0;
		};
		13B07F8C1A680F5B00A75B9A /* Frameworks */ = {
			isa = PBXFrameworksBuildPhase;
			buildActionMask = 2147483647;
			files = (
			);
			runOnlyForDeploymentPostprocessing = 0;
		};
/* End PBXFrameworksBuildPhase section */

/* Begin PBXGroup section */
		00E356EF1AD99517003FC87E /* FugaAppTests */ = {
			isa = PBXGroup;
			children = (
				00E356F21AD99517003FC87E /* FugaAppTests.m */,
				00E356F01AD99517003FC87E /* Supporting Files */,
			);
			path = FugaAppTests;
			sourceTree = "<group>";
		};
		00E356F01AD99517003FC87E /* Supporting Files */ = {
			isa = PBXGroup;
			children = (
				00E356F11AD99517003FC87E /* Info.plist */,
			);
			name = "Supporting Files";
			sourceTree = "<group>";
		};
		13B07FAE1A68108700A75B9A /* FugaApp */ = {
			isa = PBXGroup;
			children = (
				13B07FAF1A68108700A75B9A /* AppDelegate.h */,
				13B07FB01A68108700A75B9A /* AppDelegate.m */,
				13B07FB51A68108700A75B9A /* Images.xcassets */,
				13B07FB61A68108700A75B9A /* Info.plist */,
				81AB9BB72411601600AC10FF /* LaunchScreen.storyboard */,
				13B07FB71A68108700A75B9A /* main.m */,
			);
			name = FugaApp;
			sourceTree = "<group>";
		};
		2D16E6871FA4F8E400B85C8A /* Frameworks */ = {
			isa = PBXGroup;
			children = (
				ED297162215061F000B7C4FE /* JavaScriptCore.framework */,
			);
			name = Frameworks;
			sourceTree = "<group>";
		};
		832341AE1AAA6A7D00B99B32 /* Libraries */ = {
			isa = PBXGroup;
			children = (
			);
			name = Libraries;
			sourceTree = "<group>";
		};
		83CBB9F61A601CBA00E9B192 = {
			isa = PBXGroup;
			children = (
				13B07FAE1A68108700A75B9A /* FugaApp */,
				832341AE1AAA6A7D00B99B32 /* Libraries */,
				00E356EF1AD99517003FC87E /* FugaAppTests */,
				83CBBA001A601CBA00E9B192 /* Products */,
				2D16E6871FA4F8E400B85C8A /* Frameworks */,
				D0FDF68612A449A8BC9016DC /* Resources */,
			);
			indentWidth = 2;
			sourceTree = "<group>";
			tabWidth = 2;
			usesTabs = 0;
		};
		83CBBA001A601CBA00E9B192 /* Products */ = {
			isa = PBXGroup;
			children = (
				13B07F961A680F5B00A75B9A /* FugaApp.app */,
				00E356EE1AD99517003FC87E /* FugaAppTests.xctest */,
			);
			name = Products;
			sourceTree = "<group>";
		};
		D0FDF68612A449A8BC9016DC /* Resources */ = {
			isa = "PBXGroup";
			children = (
				DD235DF9A83540E18A1CFC55 /* AntDesign.ttf */,
				1C9A3A52C8494C24B63923E4 /* Entypo.ttf */,
				97794156587041C186B18662 /* EvilIcons.ttf */,
				78536DF86542472AB170A1F1 /* Feather.ttf */,
				3887BB7046F14490BF9BB942 /* FontAwesome.ttf */,
				849510842C24463FA9F3F475 /* FontAwesome5_Brands.ttf */,
				05DBE283B451445CA3D5B743 /* FontAwesome5_Regular.ttf */,
				AFCC21973ACC4DDEA83BD9F4 /* FontAwesome5_Solid.ttf */,
				739AA50DC3C44A839003D410 /* Fontisto.ttf */,
				279FA6E305F14600AB7C4D1C /* Foundation.ttf */,
				6405724A748049D5AC801475 /* Ionicons.ttf */,
				396171273BEC4B7C84EEB3C9 /* MaterialCommunityIcons.ttf */,
				74FF0B7CFD8C4168B0CDE2AF /* MaterialIcons.ttf */,
				85F367E5EFFD4BF8B387BEEF /* Octicons.ttf */,
				2CAF65B9A8F047EE8E06E134 /* SimpleLineIcons.ttf */,
				4F8C7CA1DA2946E2933DFB32 /* Zocial.ttf */,
				70487CD93A544B6E832C0C75 /* Alegreya-Black.ttf */,
				07CAB1EC7B74401C8DD7DC7A /* Alegreya-BlackItalic.ttf */,
				9438F16552864EFBB6BDC4B1 /* Alegreya-Bold.ttf */,
				CE8FC6053C63460EA72FAA95 /* Alegreya-BoldItalic.ttf */,
				E1B3ECB4D30146628D9214BA /* Alegreya-ExtraBold.ttf */,
				138282EE7F8246DF8D4B8900 /* Alegreya-ExtraBoldItalic.ttf */,
				174F9A10877A45BEBFB054E2 /* Alegreya-Italic.ttf */,
				445644AD95CD4C458CAEDBE1 /* Alegreya-Medium.ttf */,
				6C53E256DE924B4DB1CE8A12 /* Alegreya-MediumItalic.ttf */,
				CEE3F39579AB440D8E2E770B /* Alegreya-Regular.ttf */,
				6D6F3CEE46FB460B842EC22E /* AMOBA.otf */,
				8FC565C0C5D64A8798A19319 /* Bevan.ttf */,
				C38EBCE4BAD945D294960284 /* EBGaramond-Bold.ttf */,
				561B1530A57646E5BDAD188A /* EBGaramond-BoldItalic.ttf */,
				A73C853DD7FD441A9BC06F49 /* EBGaramond-ExtraBold.ttf */,
				3B6F85E4C484487A8C88A8F7 /* EBGaramond-ExtraBoldItalic.ttf */,
				23A256F4BF76441AAF06B488 /* EBGaramond-Italic.ttf */,
				5922266584C74D22B9A7F520 /* EBGaramond-Medium.ttf */,
				646212AFDBBD4CFDAD30CC06 /* EBGaramond-MediumItalic.ttf */,
				630AE4FA2175466E8960C12D /* EBGaramond-Regular.ttf */,
				4011324B053B484E883D989F /* EBGaramond-SemiBold.ttf */,
				B7C3993B89764779BA6625DB /* EBGaramond-SemiBoldItalic.ttf */,
				848ECFC3F6A74A5A9316A36A /* Montserrat-Bold.otf */,
				438816940178473DAFAC15AD /* Montserrat-Light.otf */,
				AFCDF05057364276827C4346 /* Montserrat-Medium.otf */,
				DC771BDB839B4A539C1B7441 /* Montserrat-Regular.otf */,
				39A69B1996244D36A568B0CD /* Roboto-Bold.ttf */,
				137A5B3CE2F5489B87069AF3 /* Roboto-Light.ttf */,
				DDA6ACA7BB974A20A849F097 /* Roboto-Medium.ttf */,
				6D5156AE8308473493554720 /* Roboto-Regular.ttf */,
			);
			name = Resources;
			sourceTree = "<group>";
			path = "";
		};
/* End PBXGroup section */

/* Begin PBXNativeTarget section */
		00E356ED1AD99517003FC87E /* FugaAppTests */ = {
			isa = PBXNativeTarget;
			buildConfigurationList = 00E357021AD99517003FC87E /* Build configuration list for PBXNativeTarget "FugaAppTests" */;
			buildPhases = (
				00E356EA1AD99517003FC87E /* Sources */,
				00E356EB1AD99517003FC87E /* Frameworks */,
				00E356EC1AD99517003FC87E /* Resources */,
			);
			buildRules = (
			);
			dependencies = (
				00E356F51AD99517003FC87E /* PBXTargetDependency */,
			);
			name = FugaAppTests;
			productName = FugaAppTests;
			productReference = 00E356EE1AD99517003FC87E /* FugaAppTests.xctest */;
			productType = "com.apple.product-type.bundle.unit-test";
		};
		13B07F861A680F5B00A75B9A /* FugaApp */ = {
			isa = PBXNativeTarget;
			buildConfigurationList = 13B07F931A680F5B00A75B9A /* Build configuration list for PBXNativeTarget "FugaApp" */;
			buildPhases = (
				FD10A7F022414F080027D42C /* Start Packager */,
				13B07F871A680F5B00A75B9A /* Sources */,
				13B07F8C1A680F5B00A75B9A /* Frameworks */,
				13B07F8E1A680F5B00A75B9A /* Resources */,
				00DD1BFF1BD5951E006B06BC /* Bundle React Native code and images */,
			);
			buildRules = (
			);
			dependencies = (
			);
			name = FugaApp;
			productName = FugaApp;
			productReference = 13B07F961A680F5B00A75B9A /* FugaApp.app */;
			productType = "com.apple.product-type.application";
		};
/* End PBXNativeTarget section */

/* Begin PBXProject section */
		83CBB9F71A601CBA00E9B192 /* Project object */ = {
			isa = PBXProject;
			attributes = {
				LastUpgradeCheck = 1210;
				TargetAttributes = {
					00E356ED1AD99517003FC87E = {
						CreatedOnToolsVersion = 6.2;
						TestTargetID = 13B07F861A680F5B00A75B9A;
					};
					13B07F861A680F5B00A75B9A = {
						LastSwiftMigration = 1120;
					};
				};
			};
			buildConfigurationList = 83CBB9FA1A601CBA00E9B192 /* Build configuration list for PBXProject "FugaApp" */;
			compatibilityVersion = "Xcode 12.0";
			developmentRegion = en;
			hasScannedForEncodings = 0;
			knownRegions = (
				en,
				Base,
			);
			mainGroup = 83CBB9F61A601CBA00E9B192;
			productRefGroup = 83CBBA001A601CBA00E9B192 /* Products */;
			projectDirPath = "";
			projectRoot = "";
			targets = (
				13B07F861A680F5B00A75B9A /* FugaApp */,
				00E356ED1AD99517003FC87E /* FugaAppTests */,
			);
		};
/* End PBXProject section */

/* Begin PBXResourcesBuildPhase section */
		00E356EC1AD99517003FC87E /* Resources */ = {
			isa = PBXResourcesBuildPhase;
			buildActionMask = 2147483647;
			files = (
			);
			runOnlyForDeploymentPostprocessing = 0;
		};
		13B07F8E1A680F5B00A75B9A /* Resources */ = {
			isa = PBXResourcesBuildPhase;
			buildActionMask = 2147483647;
			files = (
				81AB9BB82411601600AC10FF /* LaunchScreen.storyboard in Resources */,
				13B07FBF1A68108700A75B9A /* Images.xcassets in Resources */,
				C82621F7B0084DB68CD70D60 /* AntDesign.ttf in Resources */,
				31938370363D4EEF9F2B5DA8 /* Entypo.ttf in Resources */,
				0C3A02D903874D37B5A002CE /* EvilIcons.ttf in Resources */,
				BCE57994444A40FBB2DCA204 /* Feather.ttf in Resources */,
				E2CECE047F9A43B2B1C85252 /* FontAwesome.ttf in Resources */,
				C6AA7621BDDD473DB41EAA96 /* FontAwesome5_Brands.ttf in Resources */,
				2657C4FEFEED4FFBA5BF5061 /* FontAwesome5_Regular.ttf in Resources */,
				16B039E8C14043E98E889E38 /* FontAwesome5_Solid.ttf in Resources */,
				8EFD4C78BE0949718A1E2EB1 /* Fontisto.ttf in Resources */,
				319352429F4B43A6AACF6A04 /* Foundation.ttf in Resources */,
				0FAC0B6963034E4787D52E6A /* Ionicons.ttf in Resources */,
				233D9DE3CB1B4F7A8E21260C /* MaterialCommunityIcons.ttf in Resources */,
				146223C014AD4E4AB1A5F4A3 /* MaterialIcons.ttf in Resources */,
				531802B18B5C4E7B871CCDAA /* Octicons.ttf in Resources */,
				8FDD0A7C374F4EEDB0704697 /* SimpleLineIcons.ttf in Resources */,
				526BAA99F1BE4EB4B4A10BE8 /* Zocial.ttf in Resources */,
				7369F63B325A4FCCAF0A4C1A /* Alegreya-Black.ttf in Resources */,
				A778E5BBC2364655B4EA4D14 /* Alegreya-BlackItalic.ttf in Resources */,
				7680F0E1F7614EBEB993F0CD /* Alegreya-Bold.ttf in Resources */,
				713BDE36EEB546B7BE9BC2CC /* Alegreya-BoldItalic.ttf in Resources */,
				B305B7731BBC4EA99FF6BBB6 /* Alegreya-ExtraBold.ttf in Resources */,
				470BF5F50B784A6BA435F1A9 /* Alegreya-ExtraBoldItalic.ttf in Resources */,
				DF333C5FC22B4C83801B31DF /* Alegreya-Italic.ttf in Resources */,
				744321991D094B5CB09A053B /* Alegreya-Medium.ttf in Resources */,
				05CF6E50B8BA467EB1C27208 /* Alegreya-MediumItalic.ttf in Resources */,
				55E8AC656216493082D66279 /* Alegreya-Regular.ttf in Resources */,
				9EFC3DF1719C4BE1BD01A16E /* AMOBA.otf in Resources */,
				5ECAD28F74AF468C9ECBFC4E /* Bevan.ttf in Resources */,
				0C3F0EFA66E04430ACE9A7D3 /* EBGaramond-Bold.ttf in Resources */,
				818DD301B2264D81AAF98470 /* EBGaramond-BoldItalic.ttf in Resources */,
				539B3DE17EC641D89F689FCA /* EBGaramond-ExtraBold.ttf in Resources */,
				A678AA341AB94F68A1F4F0EE /* EBGaramond-ExtraBoldItalic.ttf in Resources */,
				F84BDC9E469543B5AB5909DB /* EBGaramond-Italic.ttf in Resources */,
				BC8D5E4D92BB4ECEBCA4B7AE /* EBGaramond-Medium.ttf in Resources */,
				2E8533D8C54B4642ACCE7631 /* EBGaramond-MediumItalic.ttf in Resources */,
				020D74E53A3F42F19923DC38 /* EBGaramond-Regular.ttf in Resources */,
				85F902206E774063AF012BAA /* EBGaramond-SemiBold.ttf in Resources */,
				C4896C9D6727405C8658B4CB /* EBGaramond-SemiBoldItalic.ttf in Resources */,
				F0D444BFDAEF49CDB6C4B2C6 /* Montserrat-Bold.otf in Resources */,
				EAB2131A5A23454C8CE84B1C /* Montserrat-Light.otf in Resources */,
				03B6341223E84CF89BA77AB0 /* Montserrat-Medium.otf in Resources */,
				ECE3C5AC775643BA818757BD /* Montserrat-Regular.otf in Resources */,
				B9AF03D1816B4AF1BE444C14 /* Roboto-Bold.ttf in Resources */,
				CF9036A0967647DF9CD12A8A /* Roboto-Light.ttf in Resources */,
				21CE7AF05C3A4E258A763AFE /* Roboto-Medium.ttf in Resources */,
				F3F83473FF134BD6BBE72D98 /* Roboto-Regular.ttf in Resources */,
			);
			runOnlyForDeploymentPostprocessing = 0;
		};
/* End PBXResourcesBuildPhase section */

/* Begin PBXShellScriptBuildPhase section */
		00DD1BFF1BD5951E006B06BC /* Bundle React Native code and images */ = {
			isa = PBXShellScriptBuildPhase;
			buildActionMask = 2147483647;
			files = (
			);
			inputPaths = (
			);
			name = "Bundle React Native code and images";
			outputPaths = (
			);
			runOnlyForDeploymentPostprocessing = 0;
			shellPath = /bin/sh;
			shellScript = "set -e\n\nexport NODE_BINARY=node\n../node_modules/react-native/scripts/react-native-xcode.sh\n";
		};
		FD10A7F022414F080027D42C /* Start Packager */ = {
			isa = PBXShellScriptBuildPhase;
			buildActionMask = 2147483647;
			files = (
			);
			inputFileListPaths = (
			);
			inputPaths = (
			);
			name = "Start Packager";
			outputFileListPaths = (
			);
			outputPaths = (
			);
			runOnlyForDeploymentPostprocessing = 0;
			shellPath = /bin/sh;
			shellScript = "export RCT_METRO_PORT=\"${RCT_METRO_PORT:=8081}\"\necho \"export RCT_METRO_PORT=${RCT_METRO_PORT}\" > \"${SRCROOT}/../node_modules/react-native/scripts/.packager.env\"\nif [ -z \"${RCT_NO_LAUNCH_PACKAGER+xxx}\" ] ; then\n  if nc -w 5 -z localhost ${RCT_METRO_PORT} ; then\n    if ! curl -s \"http://localhost:${RCT_METRO_PORT}/status\" | grep -q \"packager-status:running\" ; then\n      echo \"Port ${RCT_METRO_PORT} already in use, packager is either not running or not running correctly\"\n      exit 2\n    fi\n  else\n    open \"$SRCROOT/../node_modules/react-native/scripts/launchPackager.command\" || echo \"Can't start packager automatically\"\n  fi\nfi\n";
			showEnvVarsInLog = 0;
		};
/* End PBXShellScriptBuildPhase section */

/* Begin PBXSourcesBuildPhase section */
		00E356EA1AD99517003FC87E /* Sources */ = {
			isa = PBXSourcesBuildPhase;
			buildActionMask = 2147483647;
			files = (
				00E356F31AD99517003FC87E /* FugaAppTests.m in Sources */,
			);
			runOnlyForDeploymentPostprocessing = 0;
		};
		13B07F871A680F5B00A75B9A /* Sources */ = {
			isa = PBXSourcesBuildPhase;
			buildActionMask = 2147483647;
			files = (
				13B07FBC1A68108700A75B9A /* AppDelegate.m in Sources */,
				13B07FC11A68108700A75B9A /* main.m in Sources */,
			);
			runOnlyForDeploymentPostprocessing = 0;
		};
/* End PBXSourcesBuildPhase section */

/* Begin PBXTargetDependency section */
		00E356F51AD99517003FC87E /* PBXTargetDependency */ = {
			isa = PBXTargetDependency;
			target = 13B07F861A680F5B00A75B9A /* FugaApp */;
			targetProxy = 00E356F41AD99517003FC87E /* PBXContainerItemProxy */;
		};
/* End PBXTargetDependency section */

/* Begin XCBuildConfiguration section */
		00E356F61AD99517003FC87E /* Debug */ = {
			isa = XCBuildConfiguration;
			buildSettings = {
				BUNDLE_LOADER = "$(TEST_HOST)";
				GCC_PREPROCESSOR_DEFINITIONS = (
					"DEBUG=1",
					"$(inherited)",
				);
				INFOPLIST_FILE = FugaAppTests/Info.plist;
				IPHONEOS_DEPLOYMENT_TARGET = 10.0;
				LD_RUNPATH_SEARCH_PATHS = (
					"$(inherited)",
					"@executable_path/Frameworks",
					"@loader_path/Frameworks",
				);
				OTHER_LDFLAGS = (
					"-ObjC",
					"-lc++",
					"$(inherited)",
				);
				PRODUCT_BUNDLE_IDENTIFIER = "org.reactjs.native.example.$(PRODUCT_NAME:rfc1034identifier)";
				PRODUCT_NAME = "$(TARGET_NAME)";
				TEST_HOST = "$(BUILT_PRODUCTS_DIR)/FugaApp.app/FugaApp";
			};
			name = Debug;
		};
		00E356F71AD99517003FC87E /* Release */ = {
			isa = XCBuildConfiguration;
			buildSettings = {
				BUNDLE_LOADER = "$(TEST_HOST)";
				COPY_PHASE_STRIP = NO;
				INFOPLIST_FILE = FugaAppTests/Info.plist;
				IPHONEOS_DEPLOYMENT_TARGET = 10.0;
				LD_RUNPATH_SEARCH_PATHS = (
					"$(inherited)",
					"@executable_path/Frameworks",
					"@loader_path/Frameworks",
				);
				OTHER_LDFLAGS = (
					"-ObjC",
					"-lc++",
					"$(inherited)",
				);
				PRODUCT_BUNDLE_IDENTIFIER = "org.reactjs.native.example.$(PRODUCT_NAME:rfc1034identifier)";
				PRODUCT_NAME = "$(TARGET_NAME)";
				TEST_HOST = "$(BUILT_PRODUCTS_DIR)/FugaApp.app/FugaApp";
			};
			name = Release;
		};
		13B07F941A680F5B00A75B9A /* Debug */ = {
			isa = XCBuildConfiguration;
			buildSettings = {
				ASSETCATALOG_COMPILER_APPICON_NAME = AppIcon;
				CLANG_ENABLE_MODULES = YES;
				CURRENT_PROJECT_VERSION = 1;
				ENABLE_BITCODE = NO;
				INFOPLIST_FILE = FugaApp/Info.plist;
				LD_RUNPATH_SEARCH_PATHS = (
					"$(inherited)",
					"@executable_path/Frameworks",
				);
				OTHER_LDFLAGS = (
					"$(inherited)",
					"-ObjC",
					"-lc++",
				);
				PRODUCT_BUNDLE_IDENTIFIER = "org.reactjs.native.example.$(PRODUCT_NAME:rfc1034identifier)";
				PRODUCT_NAME = FugaApp;
				SWIFT_OPTIMIZATION_LEVEL = "-Onone";
				SWIFT_VERSION = 5.0;
				VERSIONING_SYSTEM = "apple-generic";
			};
			name = Debug;
		};
		13B07F951A680F5B00A75B9A /* Release */ = {
			isa = XCBuildConfiguration;
			buildSettings = {
				ASSETCATALOG_COMPILER_APPICON_NAME = AppIcon;
				CLANG_ENABLE_MODULES = YES;
				CURRENT_PROJECT_VERSION = 1;
				INFOPLIST_FILE = FugaApp/Info.plist;
				LD_RUNPATH_SEARCH_PATHS = (
					"$(inherited)",
					"@executable_path/Frameworks",
				);
				OTHER_LDFLAGS = (
					"$(inherited)",
					"-ObjC",
					"-lc++",
				);
				PRODUCT_BUNDLE_IDENTIFIER = "org.reactjs.native.example.$(PRODUCT_NAME:rfc1034identifier)";
				PRODUCT_NAME = FugaApp;
				SWIFT_VERSION = 5.0;
				VERSIONING_SYSTEM = "apple-generic";
			};
			name = Release;
		};
		83CBBA201A601CBA00E9B192 /* Debug */ = {
			isa = XCBuildConfiguration;
			buildSettings = {
				ALWAYS_SEARCH_USER_PATHS = NO;
				CLANG_ANALYZER_LOCALIZABILITY_NONLOCALIZED = YES;
				CLANG_CXX_LANGUAGE_STANDARD = "gnu++0x";
				CLANG_CXX_LIBRARY = "libc++";
				CLANG_ENABLE_MODULES = YES;
				CLANG_ENABLE_OBJC_ARC = YES;
				CLANG_WARN_BLOCK_CAPTURE_AUTORELEASING = YES;
				CLANG_WARN_BOOL_CONVERSION = YES;
				CLANG_WARN_COMMA = YES;
				CLANG_WARN_CONSTANT_CONVERSION = YES;
				CLANG_WARN_DEPRECATED_OBJC_IMPLEMENTATIONS = YES;
				CLANG_WARN_DIRECT_OBJC_ISA_USAGE = YES_ERROR;
				CLANG_WARN_EMPTY_BODY = YES;
				CLANG_WARN_ENUM_CONVERSION = YES;
				CLANG_WARN_INFINITE_RECURSION = YES;
				CLANG_WARN_INT_CONVERSION = YES;
				CLANG_WARN_NON_LITERAL_NULL_CONVERSION = YES;
				CLANG_WARN_OBJC_IMPLICIT_RETAIN_SELF = YES;
				CLANG_WARN_OBJC_LITERAL_CONVERSION = YES;
				CLANG_WARN_OBJC_ROOT_CLASS = YES_ERROR;
				CLANG_WARN_QUOTED_INCLUDE_IN_FRAMEWORK_HEADER = YES;
				CLANG_WARN_RANGE_LOOP_ANALYSIS = YES;
				CLANG_WARN_STRICT_PROTOTYPES = YES;
				CLANG_WARN_SUSPICIOUS_MOVE = YES;
				CLANG_WARN_UNREACHABLE_CODE = YES;
				CLANG_WARN__DUPLICATE_METHOD_MATCH = YES;
				"CODE_SIGN_IDENTITY[sdk=iphoneos*]" = "iPhone Developer";
				COPY_PHASE_STRIP = NO;
				ENABLE_STRICT_OBJC_MSGSEND = YES;
				ENABLE_TESTABILITY = YES;
				GCC_C_LANGUAGE_STANDARD = gnu99;
				GCC_DYNAMIC_NO_PIC = NO;
				GCC_NO_COMMON_BLOCKS = YES;
				GCC_OPTIMIZATION_LEVEL = 0;
				GCC_PREPROCESSOR_DEFINITIONS = (
					"DEBUG=1",
					"$(inherited)",
				);
				GCC_SYMBOLS_PRIVATE_EXTERN = NO;
				GCC_WARN_64_TO_32_BIT_CONVERSION = YES;
				GCC_WARN_ABOUT_RETURN_TYPE = YES_ERROR;
				GCC_WARN_UNDECLARED_SELECTOR = YES;
				GCC_WARN_UNINITIALIZED_AUTOS = YES_AGGRESSIVE;
				GCC_WARN_UNUSED_FUNCTION = YES;
				GCC_WARN_UNUSED_VARIABLE = YES;
				IPHONEOS_DEPLOYMENT_TARGET = 10.0;
				LD_RUNPATH_SEARCH_PATHS = (
					/usr/lib/swift,
					"$(inherited)",
				);
				LIBRARY_SEARCH_PATHS = (
					"\"$(TOOLCHAIN_DIR)/usr/lib/swift/$(PLATFORM_NAME)\"",
					"\"$(TOOLCHAIN_DIR)/usr/lib/swift-5.0/$(PLATFORM_NAME)\"",
					"\"$(inherited)\"",
				);
				MTL_ENABLE_DEBUG_INFO = YES;
				ONLY_ACTIVE_ARCH = YES;
				SDKROOT = iphoneos;
			};
			name = Debug;
		};
		83CBBA211A601CBA00E9B192 /* Release */ = {
			isa = XCBuildConfiguration;
			buildSettings = {
				ALWAYS_SEARCH_USER_PATHS = NO;
				CLANG_ANALYZER_LOCALIZABILITY_NONLOCALIZED = YES;
				CLANG_CXX_LANGUAGE_STANDARD = "gnu++0x";
				CLANG_CXX_LIBRARY = "libc++";
				CLANG_ENABLE_MODULES = YES;
				CLANG_ENABLE_OBJC_ARC = YES;
				CLANG_WARN_BLOCK_CAPTURE_AUTORELEASING = YES;
				CLANG_WARN_BOOL_CONVERSION = YES;
				CLANG_WARN_COMMA = YES;
				CLANG_WARN_CONSTANT_CONVERSION = YES;
				CLANG_WARN_DEPRECATED_OBJC_IMPLEMENTATIONS = YES;
				CLANG_WARN_DIRECT_OBJC_ISA_USAGE = YES_ERROR;
				CLANG_WARN_EMPTY_BODY = YES;
				CLANG_WARN_ENUM_CONVERSION = YES;
				CLANG_WARN_INFINITE_RECURSION = YES;
				CLANG_WARN_INT_CONVERSION = YES;
				CLANG_WARN_NON_LITERAL_NULL_CONVERSION = YES;
				CLANG_WARN_OBJC_IMPLICIT_RETAIN_SELF = YES;
				CLANG_WARN_OBJC_LITERAL_CONVERSION = YES;
				CLANG_WARN_OBJC_ROOT_CLASS = YES_ERROR;
				CLANG_WARN_QUOTED_INCLUDE_IN_FRAMEWORK_HEADER = YES;
				CLANG_WARN_RANGE_LOOP_ANALYSIS = YES;
				CLANG_WARN_STRICT_PROTOTYPES = YES;
				CLANG_WARN_SUSPICIOUS_MOVE = YES;
				CLANG_WARN_UNREACHABLE_CODE = YES;
				CLANG_WARN__DUPLICATE_METHOD_MATCH = YES;
				"CODE_SIGN_IDENTITY[sdk=iphoneos*]" = "iPhone Developer";
				COPY_PHASE_STRIP = YES;
				ENABLE_NS_ASSERTIONS = NO;
				ENABLE_STRICT_OBJC_MSGSEND = YES;
				GCC_C_LANGUAGE_STANDARD = gnu99;
				GCC_NO_COMMON_BLOCKS = YES;
				GCC_WARN_64_TO_32_BIT_CONVERSION = YES;
				GCC_WARN_ABOUT_RETURN_TYPE = YES_ERROR;
				GCC_WARN_UNDECLARED_SELECTOR = YES;
				GCC_WARN_UNINITIALIZED_AUTOS = YES_AGGRESSIVE;
				GCC_WARN_UNUSED_FUNCTION = YES;
				GCC_WARN_UNUSED_VARIABLE = YES;
				IPHONEOS_DEPLOYMENT_TARGET = 10.0;
				LD_RUNPATH_SEARCH_PATHS = (
					/usr/lib/swift,
					"$(inherited)",
				);
				LIBRARY_SEARCH_PATHS = (
					"\"$(TOOLCHAIN_DIR)/usr/lib/swift/$(PLATFORM_NAME)\"",
					"\"$(TOOLCHAIN_DIR)/usr/lib/swift-5.0/$(PLATFORM_NAME)\"",
					"\"$(inherited)\"",
				);
				MTL_ENABLE_DEBUG_INFO = NO;
				SDKROOT = iphoneos;
				VALIDATE_PRODUCT = YES;
			};
			name = Release;
		};
/* End XCBuildConfiguration section */

/* Begin XCConfigurationList section */
		00E357021AD99517003FC87E /* Build configuration list for PBXNativeTarget "FugaAppTests" */ = {
			isa = XCConfigurationList;
			buildConfigurations = (
				00E356F61AD99517003FC87E /* Debug */,
				00E356F71AD99517003FC87E /* Release */,
			);
			defaultConfigurationIsVisible = 0;
			defaultConfigurationName = Release;
		};
		13B07F931A680F5B00A75B9A /* Build configuration list for PBXNativeTarget "FugaApp" */ = {
			isa = XCConfigurationList;
			buildConfigurations = (
				13B07F941A680F5B00A75B9A /* Debug */,
				13B07F951A680F5B00A75B9A /* Release */,
			);
			defaultConfigurationIsVisible = 0;
			defaultConfigurationName = Release;
		};
		83CBB9FA1A601CBA00E9B192 /* Build configuration list for PBXProject "FugaApp" */ = {
			isa = XCConfigurationList;
			buildConfigurations = (
				83CBBA201A601CBA00E9B192 /* Debug */,
				83CBBA211A601CBA00E9B192 /* Release */,
			);
			defaultConfigurationIsVisible = 0;
			defaultConfigurationName = Release;
		};
/* End XCConfigurationList section */
	};
	rootObject = 83CBB9F71A601CBA00E9B192 /* Project object */;
}
